
Microsoft Visual Studio Solution File, Format Version 12.00
# Visual Studio Version 17
VisualStudioVersion = 17.7.34221.43
MinimumVisualStudioVersion = 10.0.40219.1
Project("{FAE04EC0-301F-11D3-BF4B-00C04F79EFBC}") = "QuizApp", "QuizApp\QuizApp.csproj", "{F755DC81-707A-44D7-A85D-CC70EA05FCFF}"
EndProject
Global
	GlobalSection(SolutionConfigurationPlatforms) = preSolution
		Debug|Any CPU = Debug|Any CPU
		Release|Any CPU = Release|Any CPU
	EndGlobalSection
	GlobalSection(ProjectConfigurationPlatforms) = postSolution
		{F755DC81-707A-44D7-A85D-CC70EA05FCFF}.Debug|Any CPU.ActiveCfg = Debug|Any CPU
		{F755DC81-707A-44D7-A85D-CC70EA05FCFF}.Debug|Any CPU.Build.0 = Debug|Any CPU
		{F755DC81-707A-44D7-A85D-CC70EA05FCFF}.Release|Any CPU.ActiveCfg = Release|Any CPU
		{F755DC81-707A-44D7-A85D-CC70EA05FCFF}.Release|Any CPU.Build.0 = Release|Any CPU
	EndGlobalSection
	GlobalSection(SolutionProperties) = preSolution
		HideSolutionNode = FALSE
	EndGlobalSection
	GlobalSection(ExtensibilityGlobals) = postSolution
		SolutionGuid = {D755739C-942A-42B6-8902-D9230714A3BB}
	EndGlobalSection
EndGlobal
